{
  "lockfile_version": "1",
  "packages": {
    "github:NixOS/nixpkgs/nixpkgs-unstable": {
      "last_modified": "2025-10-15T05:07:43Z",
      "resolved": "github:NixOS/nixpkgs/82c2e0d6dde50b17ae366d2aa36f224dc19af469?lastModified=1760504863&narHash=sha256-h13YFQMi91nXkkRoJMIfezorz5SbD6849jw5L0fjK4I%3D"
    },
    "go-task@latest": {
      "last_modified": "2025-10-07T08:41:47Z",
      "resolved": "github:NixOS/nixpkgs/bce5fe2bb998488d8e7e7856315f90496723793c#go-task",
      "source": "devbox-search",
      "version": "3.45.4",
      "systems": {
        "aarch64-darwin": {
          "outputs": [
            {
              "name": "out",
              "path": "/nix/store/jpyzi7ph07mxn64vr684rn4sn81rmdbv-go-task-3.45.4",
              "default": true
            }
          ],
          "store_path": "/nix/store/jpyzi7ph07mxn64vr684rn4sn81rmdbv-go-task-3.45.4"
        },
        "aarch64-linux": {
          "outputs": [
            {
              "name": "out",
              "path": "/nix/store/bhkmm0w7wmgncwvn8gmbsn254n0r9app-go-task-3.45.4",
              "default": true
            }
          ],
          "store_path": "/nix/store/bhkmm0w7wmgncwvn8gmbsn254n0r9app-go-task-3.45.4"
        },
        "x86_64-darwin": {
          "outputs": [
            {
              "name": "out",
              "path": "/nix/store/pv4fd2995ys0dd4rvsqcn6cd2q2qi98s-go-task-3.45.4",
              "default": true
            }
          ],
          "store_path": "/nix/store/pv4fd2995ys0dd4rvsqcn6cd2q2qi98s-go-task-3.45.4"
        },
        "x86_64-linux": {
          "outputs": [
            {
              "name": "out",
              "path": "/nix/store/535z3a3p7hwdg4g3w4f4ssq44vnqsxqh-go-task-3.45.4",
              "default": true
            }
          ],
          "store_path": "/nix/store/535z3a3p7hwdg4g3w4f4ssq44vnqsxqh-go-task-3.45.4"
        }
      }
    },
    "nushell@latest": {
      "last_modified": "2025-10-07T08:41:47Z",
      "resolved": "github:NixOS/nixpkgs/bce5fe2bb998488d8e7e7856315f90496723793c#nushell",
      "source": "devbox-search",
      "version": "0.106.1",
      "systems": {
        "aarch64-darwin": {
          "outputs": [
            {
              "name": "out",
              "path": "/nix/store/yhl8y3kzsdn7dqycnzv30jsid5y7s509-nushell-0.106.1",
              "default": true
            }
          ],
          "store_path": "/nix/store/yhl8y3kzsdn7dqycnzv30jsid5y7s509-nushell-0.106.1"
        },
        "aarch64-linux": {
          "outputs": [
            {
              "name": "out",
              "path": "/nix/store/y16lv6qrpmmd11f1a86r2vlh5bw037as-nushell-0.106.1",
              "default": true
            }
          ],
          "store_path": "/nix/store/y16lv6qrpmmd11f1a86r2vlh5bw037as-nushell-0.106.1"
        },
        "x86_64-darwin": {
          "outputs": [
            {
              "name": "out",
              "path": "/nix/store/78cg8zr8b69wibrfx5lg03kpsrq79zcx-nushell-0.106.1",
              "default": true
            }
          ],
          "store_path": "/nix/store/78cg8zr8b69wibrfx5lg03kpsrq79zcx-nushell-0.106.1"
        },
        "x86_64-linux": {
          "outputs": [
            {
              "name": "out",
              "path": "/nix/store/l681axlrvlh163y90jwyli5sfn556slb-nushell-0.106.1",
              "default": true
            }
          ],
          "store_path": "/nix/store/l681axlrvlh163y90jwyli5sfn556slb-nushell-0.106.1"
        }
      }
    },
    "python@3.11": {
      "last_modified": "2025-10-10T13:35:32Z",
      "plugin_version": "0.0.4",
      "resolved": "github:NixOS/nixpkgs/870493f9a8cb0b074ae5b411b2f232015db19a65#python311",
      "source": "devbox-search",
      "version": "3.11.14",
      "systems": {
        "aarch64-darwin": {
          "outputs": [
            {
              "name": "out",
              "path": "/nix/store/r4pwz6r9gg3s8hp7q4lxa3vsc16z7lvf-python3-3.11.14",
              "default": true
            }
          ],
          "store_path": "/nix/store/r4pwz6r9gg3s8hp7q4lxa3vsc16z7lvf-python3-3.11.14"
        },
        "aarch64-linux": {
          "outputs": [
            {
              "name": "out",
              "path": "/nix/store/hywi85qwhxssrh1dlyi45hg3c8k7vpkq-python3-3.11.14",
              "default": true
            },
            {
              "name": "debug",
              "path": "/nix/store/51cn9w1078wr17ma32p9g38aa7kj0x6v-python3-3.11.14-debug"
            }
          ],
          "store_path": "/nix/store/hywi85qwhxssrh1dlyi45hg3c8k7vpkq-python3-3.11.14"
        },
        "x86_64-darwin": {
          "outputs": [
            {
              "name": "out",
              "path": "/nix/store/b6nxrxi3h8s59jpkw4g3hr4wcmy9y21m-python3-3.11.14",
              "default": true
            }
          ],
          "store_path": "/nix/store/b6nxrxi3h8s59jpkw4g3hr4wcmy9y21m-python3-3.11.14"
        },
        "x86_64-linux": {
          "outputs": [
            {
              "name": "out",
              "path": "/nix/store/ddiqchvpb8gq02q00k7rl0mb4izdigv9-python3-3.11.14",
              "default": true
            },
            {
              "name": "debug",
              "path": "/nix/store/jqwy6yn9n0i2qw0ya94g3nbc21ywnz7l-python3-3.11.14-debug"
            }
          ],
          "store_path": "/nix/store/ddiqchvpb8gq02q00k7rl0mb4izdigv9-python3-3.11.14"
        }
      }
    },
    "uv@latest": {
      "last_modified": "2025-10-07T08:41:47Z",
      "resolved": "github:NixOS/nixpkgs/bce5fe2bb998488d8e7e7856315f90496723793c#uv",
      "source": "devbox-search",
      "version": "0.8.19",
      "systems": {
        "aarch64-darwin": {
          "outputs": [
            {
              "name": "out",
              "path": "/nix/store/lv129j2nzhmqidpp52kf359adwdxxv24-uv-0.8.19",
              "default": true
            }
          ],
          "store_path": "/nix/store/lv129j2nzhmqidpp52kf359adwdxxv24-uv-0.8.19"
        },
        "aarch64-linux": {
          "outputs": [
            {
              "name": "out",
              "path": "/nix/store/rmv0i8zwjsyxkiim6bspy9fx9sqdxi37-uv-0.8.19",
              "default": true
            }
          ],
          "store_path": "/nix/store/rmv0i8zwjsyxkiim6bspy9fx9sqdxi37-uv-0.8.19"
        },
        "x86_64-darwin": {
          "outputs": [
            {
              "name": "out",
              "path": "/nix/store/z2xcpx4vnbkn9v8iqss4d71fgz13n8m1-uv-0.8.19",
              "default": true
            }
          ],
          "store_path": "/nix/store/z2xcpx4vnbkn9v8iqss4d71fgz13n8m1-uv-0.8.19"
        },
        "x86_64-linux": {
          "outputs": [
            {
              "name": "out",
              "path": "/nix/store/jiwzxayklgiacpgj0fivzk7abp7gm6bm-uv-0.8.19",
              "default": true
            }
          ],
          "store_path": "/nix/store/jiwzxayklgiacpgj0fivzk7abp7gm6bm-uv-0.8.19"
        }
      }
    }
  }
}
